
Microsoft Visual Studio Solution File, Format Version 12.00
# Visual Studio Version 16
VisualStudioVersion = 16.0.29424.173
MinimumVisualStudioVersion = 10.0.40219.1
Project("{9A19103F-16F7-4668-BE54-9A1E7A4F7556}") = "DataLayer", "DataLayer\DataLayer.csproj", "{4CE9D7A5-BC7D-44E2-9FF1-470CAA397B17}"
EndProject
Project("{FAE04EC0-301F-11D3-BF4B-00C04F79EFBC}") = "PresentationLayer", "PresentationLayer\PresentationLayer.csproj", "{99494DBE-E5D5-468D-A06C-014705CD651F}"
EndProject
Project("{FAE04EC0-301F-11D3-BF4B-00C04F79EFBC}") = "DomainLayer", "DomainLayer\DomainLayer.csproj", "{D80C06A6-E21E-470E-A859-9E0B3EABAFAA}"
EndProject
Global
	GlobalSection(SolutionConfigurationPlatforms) = preSolution
		Debug|Any CPU = Debug|Any CPU
		Release|Any CPU = Release|Any CPU
	EndGlobalSection
	GlobalSection(ProjectConfigurationPlatforms) = postSolution
		{4CE9D7A5-BC7D-44E2-9FF1-470CAA397B17}.Debug|Any CPU.ActiveCfg = Debug|Any CPU
		{4CE9D7A5-BC7D-44E2-9FF1-470CAA397B17}.Debug|Any CPU.Build.0 = Debug|Any CPU
		{4CE9D7A5-BC7D-44E2-9FF1-470CAA397B17}.Release|Any CPU.ActiveCfg = Release|Any CPU
		{4CE9D7A5-BC7D-44E2-9FF1-470CAA397B17}.Release|Any CPU.Build.0 = Release|Any CPU
		{99494DBE-E5D5-468D-A06C-014705CD651F}.Debug|Any CPU.ActiveCfg = Debug|Any CPU
		{99494DBE-E5D5-468D-A06C-014705CD651F}.Debug|Any CPU.Build.0 = Debug|Any CPU
		{99494DBE-E5D5-468D-A06C-014705CD651F}.Release|Any CPU.ActiveCfg = Release|Any CPU
		{99494DBE-E5D5-468D-A06C-014705CD651F}.Release|Any CPU.Build.0 = Release|Any CPU
		{D80C06A6-E21E-470E-A859-9E0B3EABAFAA}.Debug|Any CPU.ActiveCfg = Debug|Any CPU
		{D80C06A6-E21E-470E-A859-9E0B3EABAFAA}.Debug|Any CPU.Build.0 = Debug|Any CPU
		{D80C06A6-E21E-470E-A859-9E0B3EABAFAA}.Release|Any CPU.ActiveCfg = Release|Any CPU
		{D80C06A6-E21E-470E-A859-9E0B3EABAFAA}.Release|Any CPU.Build.0 = Release|Any CPU
	EndGlobalSection
	GlobalSection(SolutionProperties) = preSolution
		HideSolutionNode = FALSE
	EndGlobalSection
	GlobalSection(ExtensibilityGlobals) = postSolution
		SolutionGuid = {16B3C909-46B9-46C5-A807-A94E4C0CCB4A}
	EndGlobalSection
EndGlobal
